
Microsoft Visual Studio Solution File, Format Version 12.00
# Visual Studio Version 17
VisualStudioVersion = 17.14.36717.8 d17.14
MinimumVisualStudioVersion = 10.0.40219.1
Project("{FAE04EC0-301F-11D3-BF4B-00C04F79EFBC}") = "WebApplication1", "WebApplication1\WebApplication1.csproj", "{BF72C939-EA50-442B-8BFE-11080CD3D702}"
EndProject
Global
	GlobalSection(SolutionConfigurationPlatforms) = preSolution
		Debug|Any CPU = Debug|Any CPU
		Release|Any CPU = Release|Any CPU
	EndGlobalSection
	GlobalSection(ProjectConfigurationPlatforms) = postSolution
		{BF72C939-EA50-442B-8BFE-11080CD3D702}.Debug|Any CPU.ActiveCfg = Debug|Any CPU
		{BF72C939-EA50-442B-8BFE-11080CD3D702}.Debug|Any CPU.Build.0 = Debug|Any CPU
		{BF72C939-EA50-442B-8BFE-11080CD3D702}.Release|Any CPU.ActiveCfg = Release|Any CPU
		{BF72C939-EA50-442B-8BFE-11080CD3D702}.Release|Any CPU.Build.0 = Release|Any CPU
	EndGlobalSection
	GlobalSection(SolutionProperties) = preSolution
		HideSolutionNode = FALSE
	EndGlobalSection
	GlobalSection(ExtensibilityGlobals) = postSolution
		SolutionGuid = {ECA603F2-B145-4736-9873-47FCA102D714}
	EndGlobalSection
EndGlobal
